
Microsoft Visual Studio Solution File, Format Version 12.00
# Visual Studio Version 17
VisualStudioVersion = 17.14.36109.1
MinimumVisualStudioVersion = 10.0.40219.1
Project("{FAE04EC0-301F-11D3-BF4B-00C04F79EFBC}") = "startup", "startup\startup.csproj", "{5C952327-2EF3-49B2-B2D7-95522356B252}"
EndProject
Project("{FAE04EC0-301F-11D3-BF4B-00C04F79EFBC}") = "Services", "core\Services\Services.csproj", "{AB0BA403-1EBC-4321-AA70-27D622ED669C}"
EndProject
Project("{FAE04EC0-301F-11D3-BF4B-00C04F79EFBC}") = "Ports", "core\Ports\Ports.csproj", "{050A40C4-0518-4A47-8881-FDD84A5CA9B3}"
EndProject
Global
	GlobalSection(SolutionConfigurationPlatforms) = preSolution
		Debug|Any CPU = Debug|Any CPU
		Release|Any CPU = Release|Any CPU
	EndGlobalSection
	GlobalSection(ProjectConfigurationPlatforms) = postSolution
		{5C952327-2EF3-49B2-B2D7-95522356B252}.Debug|Any CPU.ActiveCfg = Debug|Any CPU
		{5C952327-2EF3-49B2-B2D7-95522356B252}.Debug|Any CPU.Build.0 = Debug|Any CPU
		{5C952327-2EF3-49B2-B2D7-95522356B252}.Release|Any CPU.ActiveCfg = Release|Any CPU
		{5C952327-2EF3-49B2-B2D7-95522356B252}.Release|Any CPU.Build.0 = Release|Any CPU
		{AB0BA403-1EBC-4321-AA70-27D622ED669C}.Debug|Any CPU.ActiveCfg = Debug|Any CPU
		{AB0BA403-1EBC-4321-AA70-27D622ED669C}.Debug|Any CPU.Build.0 = Debug|Any CPU
		{AB0BA403-1EBC-4321-AA70-27D622ED669C}.Release|Any CPU.ActiveCfg = Release|Any CPU
		{AB0BA403-1EBC-4321-AA70-27D622ED669C}.Release|Any CPU.Build.0 = Release|Any CPU
		{050A40C4-0518-4A47-8881-FDD84A5CA9B3}.Debug|Any CPU.ActiveCfg = Debug|Any CPU
		{050A40C4-0518-4A47-8881-FDD84A5CA9B3}.Debug|Any CPU.Build.0 = Debug|Any CPU
		{050A40C4-0518-4A47-8881-FDD84A5CA9B3}.Release|Any CPU.ActiveCfg = Release|Any CPU
		{050A40C4-0518-4A47-8881-FDD84A5CA9B3}.Release|Any CPU.Build.0 = Release|Any CPU
	EndGlobalSection
	GlobalSection(SolutionProperties) = preSolution
		HideSolutionNode = FALSE
	EndGlobalSection
	GlobalSection(ExtensibilityGlobals) = postSolution
		SolutionGuid = {69D48B53-C608-4D83-A29A-C5A7D6B1E495}
	EndGlobalSection
EndGlobal
